
Microsoft Visual Studio Solution File, Format Version 12.00
# Visual Studio Version 17
VisualStudioVersion = 17.5.33516.290
MinimumVisualStudioVersion = 10.0.40219.1
Project("{FAE04EC0-301F-11D3-BF4B-00C04F79EFBC}") = "YTM_YTC_Calculator", "YTM_YTC_Calculator\YTM_YTC_Calculator.csproj", "{4073D99D-1BB3-4C3A-9EEC-FE95F2632C13}"
EndProject
Project("{FAE04EC0-301F-11D3-BF4B-00C04F79EFBC}") = "YTM_YTC_Calculator.UnitTest", "YTM_YTC_Calculator.UnitTest\YTM_YTC_Calculator.UnitTest.csproj", "{732D95D0-1504-436A-A750-715AB2ECF871}"
EndProject
Global
	GlobalSection(SolutionConfigurationPlatforms) = preSolution
		Debug|Any CPU = Debug|Any CPU
		Release|Any CPU = Release|Any CPU
	EndGlobalSection
	GlobalSection(ProjectConfigurationPlatforms) = postSolution
		{4073D99D-1BB3-4C3A-9EEC-FE95F2632C13}.Debug|Any CPU.ActiveCfg = Debug|Any CPU
		{4073D99D-1BB3-4C3A-9EEC-FE95F2632C13}.Debug|Any CPU.Build.0 = Debug|Any CPU
		{4073D99D-1BB3-4C3A-9EEC-FE95F2632C13}.Release|Any CPU.ActiveCfg = Release|Any CPU
		{4073D99D-1BB3-4C3A-9EEC-FE95F2632C13}.Release|Any CPU.Build.0 = Release|Any CPU
		{732D95D0-1504-436A-A750-715AB2ECF871}.Debug|Any CPU.ActiveCfg = Debug|Any CPU
		{732D95D0-1504-436A-A750-715AB2ECF871}.Debug|Any CPU.Build.0 = Debug|Any CPU
		{732D95D0-1504-436A-A750-715AB2ECF871}.Release|Any CPU.ActiveCfg = Release|Any CPU
		{732D95D0-1504-436A-A750-715AB2ECF871}.Release|Any CPU.Build.0 = Release|Any CPU
	EndGlobalSection
	GlobalSection(SolutionProperties) = preSolution
		HideSolutionNode = FALSE
	EndGlobalSection
	GlobalSection(ExtensibilityGlobals) = postSolution
		SolutionGuid = {1754A292-3324-415C-AE53-DE7F4256AA66}
	EndGlobalSection
EndGlobal
